
Microsoft Visual Studio Solution File, Format Version 12.00
# Visual Studio 15
VisualStudioVersion = 15.0.28010.2019
MinimumVisualStudioVersion = 10.0.40219.1
Project("{FAE04EC0-301F-11D3-BF4B-00C04F79EFBC}") = "AdventOfCodeCSharp", "AdventOfCodeCSharp\AdventOfCodeCSharp.csproj", "{F9F40603-51F4-4C92-BF62-DD8BAECF1B32}"
EndProject
Project("{FAE04EC0-301F-11D3-BF4B-00C04F79EFBC}") = "AdventOfCodeTests", "AdventOfCodeTests\AdventOfCodeTests.csproj", "{65952FB4-E772-4148-8759-D1825FCC62E5}"
EndProject
Global
	GlobalSection(SolutionConfigurationPlatforms) = preSolution
		Debug|Any CPU = Debug|Any CPU
		Release|Any CPU = Release|Any CPU
	EndGlobalSection
	GlobalSection(ProjectConfigurationPlatforms) = postSolution
		{F9F40603-51F4-4C92-BF62-DD8BAECF1B32}.Debug|Any CPU.ActiveCfg = Debug|Any CPU
		{F9F40603-51F4-4C92-BF62-DD8BAECF1B32}.Debug|Any CPU.Build.0 = Debug|Any CPU
		{F9F40603-51F4-4C92-BF62-DD8BAECF1B32}.Release|Any CPU.ActiveCfg = Release|Any CPU
		{F9F40603-51F4-4C92-BF62-DD8BAECF1B32}.Release|Any CPU.Build.0 = Release|Any CPU
		{65952FB4-E772-4148-8759-D1825FCC62E5}.Debug|Any CPU.ActiveCfg = Debug|Any CPU
		{65952FB4-E772-4148-8759-D1825FCC62E5}.Debug|Any CPU.Build.0 = Debug|Any CPU
		{65952FB4-E772-4148-8759-D1825FCC62E5}.Release|Any CPU.ActiveCfg = Release|Any CPU
		{65952FB4-E772-4148-8759-D1825FCC62E5}.Release|Any CPU.Build.0 = Release|Any CPU
	EndGlobalSection
	GlobalSection(SolutionProperties) = preSolution
		HideSolutionNode = FALSE
	EndGlobalSection
	GlobalSection(ExtensibilityGlobals) = postSolution
		SolutionGuid = {717CC58C-DD7C-482B-A04C-40CFDBAB1D03}
	EndGlobalSection
EndGlobal
